
Microsoft Visual Studio Solution File, Format Version 12.00
# Visual Studio Version 17
VisualStudioVersion = 17.1.32319.34
MinimumVisualStudioVersion = 10.0.40219.1
Project("{FAE04EC0-301F-11D3-BF4B-00C04F79EFBC}") = "Snake", "Snake\Snake.csproj", "{86C5FCA2-294C-4F73-A9D1-F0EA2D82ECFA}"
EndProject
Global
	GlobalSection(SolutionConfigurationPlatforms) = preSolution
		Debug|Any CPU = Debug|Any CPU
		Release|Any CPU = Release|Any CPU
	EndGlobalSection
	GlobalSection(ProjectConfigurationPlatforms) = postSolution
		{86C5FCA2-294C-4F73-A9D1-F0EA2D82ECFA}.Debug|Any CPU.ActiveCfg = Debug|Any CPU
		{86C5FCA2-294C-4F73-A9D1-F0EA2D82ECFA}.Debug|Any CPU.Build.0 = Debug|Any CPU
		{86C5FCA2-294C-4F73-A9D1-F0EA2D82ECFA}.Release|Any CPU.ActiveCfg = Release|Any CPU
		{86C5FCA2-294C-4F73-A9D1-F0EA2D82ECFA}.Release|Any CPU.Build.0 = Release|Any CPU
	EndGlobalSection
	GlobalSection(SolutionProperties) = preSolution
		HideSolutionNode = FALSE
	EndGlobalSection
	GlobalSection(ExtensibilityGlobals) = postSolution
		SolutionGuid = {D6EAC7C0-0732-43A9-B63E-DE9C0C20A788}
	EndGlobalSection
EndGlobal
